
Microsoft Visual Studio Solution File, Format Version 12.00
# Visual Studio Version 17
VisualStudioVersion = 17.8.34330.188
MinimumVisualStudioVersion = 10.0.40219.1
Project("{8BC9CEB8-8B4A-11D0-8D11-00A0C91BC942}") = "Exercise_1.1", "Exercise_1.1\Exercise_1.1.vcxproj", "{F3B431C2-D3AC-4B60-9AA6-2C2377C38CD0}"
EndProject
Project("{8BC9CEB8-8B4A-11D0-8D11-00A0C91BC942}") = "Exersice_2.1", "Exersice_2.1\Exersice_2.1.vcxproj", "{465F37D0-93DF-40D3-A899-0E95DB19ECEB}"
EndProject
Project("{8BC9CEB8-8B4A-11D0-8D11-00A0C91BC942}") = "Exercise_3.1", "Exercise_3.1\Exercise_3.1.vcxproj", "{40ECFFBE-8FF6-423C-BFD8-D535AA9693F4}"
EndProject
Project("{8BC9CEB8-8B4A-11D0-8D11-00A0C91BC942}") = "Exercise_4.1", "Exercise_4.1\Exercise_4.1.vcxproj", "{0EC5A143-9BD9-41CB-AAA2-E981EBBC954C}"
EndProject
Project("{8BC9CEB8-8B4A-11D0-8D11-00A0C91BC942}") = "Exercise_4.2", "Exercise_4.2\Exercise_4.2.vcxproj", "{5123E5AF-98E8-43AD-ADBF-6B0454965E9B}"
EndProject
Project("{8BC9CEB8-8B4A-11D0-8D11-00A0C91BC942}") = "Exercise_4.3", "Exercise_4.3\Exercise_4.3.vcxproj", "{BDEDAFFA-74D8-4F3C-87B5-FB036A7F6943}"
EndProject
Project("{8BC9CEB8-8B4A-11D0-8D11-00A0C91BC942}") = "Exercise_4.4", "Exercise_4.4\Exercise_4.4.vcxproj", "{0468C279-2EBF-471C-9C13-05AEAD574965}"
EndProject
Project("{8BC9CEB8-8B4A-11D0-8D11-00A0C91BC942}") = "Exercise_4.5", "Exercise_4.5\Exercise_4.5.vcxproj", "{A81E8B29-D203-4517-8E91-3C33E4716666}"
EndProject
Project("{8BC9CEB8-8B4A-11D0-8D11-00A0C91BC942}") = "Exercise_4.6", "Exercise_4.6\Exercise_4.6.vcxproj", "{6C76FB15-F2DF-4E0A-85A2-A633D87A80B0}"
EndProject
Project("{8BC9CEB8-8B4A-11D0-8D11-00A0C91BC942}") = "Exercise_4.7", "Exercise_4.7\Exercise_4.7.vcxproj", "{FEE1FFC7-ADD3-424B-A438-9F3ECA28D387}"
EndProject
Project("{8BC9CEB8-8B4A-11D0-8D11-00A0C91BC942}") = "Exercise_4.8", "Exercise_4.8\Exercise_4.8.vcxproj", "{F230A573-CC2E-4D3A-9987-B91C60080C99}"
EndProject
Project("{8BC9CEB8-8B4A-11D0-8D11-00A0C91BC942}") = "Exercise_4.9", "Exercise_4.9\Exercise_4.9.vcxproj", "{97E3022C-BA07-4016-9C92-4CE4C379133C}"
EndProject
Project("{8BC9CEB8-8B4A-11D0-8D11-00A0C91BC942}") = "Exercise_4.10", "Exercise_4.10\Exercise_4.10.vcxproj", "{CBFF3A26-97E4-4E7E-9B65-9103985F0365}"
EndProject
Project("{8BC9CEB8-8B4A-11D0-8D11-00A0C91BC942}") = "Exercise_4.11", "Exercise_4.11\Exercise_4.11.vcxproj", "{C2789264-9509-4D04-80F3-8F6C141AE5CD}"
EndProject
Project("{8BC9CEB8-8B4A-11D0-8D11-00A0C91BC942}") = "Exercise_4.12", "Exercise_4.12\Exercise_4.12.vcxproj", "{DA8736F5-3BB2-46EC-981C-814D1619D1A8}"
EndProject
Project("{8BC9CEB8-8B4A-11D0-8D11-00A0C91BC942}") = "Exercise_4.13", "Exercise_4.13\Exercise_4.13.vcxproj", "{CFF07DBB-0BE8-4170-BCB0-1C0EED980717}"
EndProject
Project("{8BC9CEB8-8B4A-11D0-8D11-00A0C91BC942}") = "Exercise_4.14", "Exercise_4.14\Exercise_4.14.vcxproj", "{6220ECB6-6660-41A3-A0ED-7DE29467A94D}"
EndProject
Project("{8BC9CEB8-8B4A-11D0-8D11-00A0C91BC942}") = "Exercise_4.15", "Exercise_4.15\Exercise_4.15.vcxproj", "{C15F6D6E-78CA-491E-94C8-A3102FB990AC}"
EndProject
Project("{8BC9CEB8-8B4A-11D0-8D11-00A0C91BC942}") = "Exercise_4.16", "Exercise_4.16\Exercise_4.16.vcxproj", "{341A8107-E7B8-4722-81AA-1A2F4AB31431}"
EndProject
Global
	GlobalSection(SolutionConfigurationPlatforms) = preSolution
		Debug|x64 = Debug|x64
		Debug|x86 = Debug|x86
		Release|x64 = Release|x64
		Release|x86 = Release|x86
	EndGlobalSection
	GlobalSection(ProjectConfigurationPlatforms) = postSolution
		{F3B431C2-D3AC-4B60-9AA6-2C2377C38CD0}.Debug|x64.ActiveCfg = Debug|x64
		{F3B431C2-D3AC-4B60-9AA6-2C2377C38CD0}.Debug|x64.Build.0 = Debug|x64
		{F3B431C2-D3AC-4B60-9AA6-2C2377C38CD0}.Debug|x86.ActiveCfg = Debug|Win32
		{F3B431C2-D3AC-4B60-9AA6-2C2377C38CD0}.Debug|x86.Build.0 = Debug|Win32
		{F3B431C2-D3AC-4B60-9AA6-2C2377C38CD0}.Release|x64.ActiveCfg = Release|x64
		{F3B431C2-D3AC-4B60-9AA6-2C2377C38CD0}.Release|x64.Build.0 = Release|x64
		{F3B431C2-D3AC-4B60-9AA6-2C2377C38CD0}.Release|x86.ActiveCfg = Release|Win32
		{F3B431C2-D3AC-4B60-9AA6-2C2377C38CD0}.Release|x86.Build.0 = Release|Win32
		{465F37D0-93DF-40D3-A899-0E95DB19ECEB}.Debug|x64.ActiveCfg = Debug|x64
		{465F37D0-93DF-40D3-A899-0E95DB19ECEB}.Debug|x64.Build.0 = Debug|x64
		{465F37D0-93DF-40D3-A899-0E95DB19ECEB}.Debug|x86.ActiveCfg = Debug|Win32
		{465F37D0-93DF-40D3-A899-0E95DB19ECEB}.Debug|x86.Build.0 = Debug|Win32
		{465F37D0-93DF-40D3-A899-0E95DB19ECEB}.Release|x64.ActiveCfg = Release|x64
		{465F37D0-93DF-40D3-A899-0E95DB19ECEB}.Release|x64.Build.0 = Release|x64
		{465F37D0-93DF-40D3-A899-0E95DB19ECEB}.Release|x86.ActiveCfg = Release|Win32
		{465F37D0-93DF-40D3-A899-0E95DB19ECEB}.Release|x86.Build.0 = Release|Win32
		{40ECFFBE-8FF6-423C-BFD8-D535AA9693F4}.Debug|x64.ActiveCfg = Debug|x64
		{40ECFFBE-8FF6-423C-BFD8-D535AA9693F4}.Debug|x64.Build.0 = Debug|x64
		{40ECFFBE-8FF6-423C-BFD8-D535AA9693F4}.Debug|x86.ActiveCfg = Debug|Win32
		{40ECFFBE-8FF6-423C-BFD8-D535AA9693F4}.Debug|x86.Build.0 = Debug|Win32
		{40ECFFBE-8FF6-423C-BFD8-D535AA9693F4}.Release|x64.ActiveCfg = Release|x64
		{40ECFFBE-8FF6-423C-BFD8-D535AA9693F4}.Release|x64.Build.0 = Release|x64
		{40ECFFBE-8FF6-423C-BFD8-D535AA9693F4}.Release|x86.ActiveCfg = Release|Win32
		{40ECFFBE-8FF6-423C-BFD8-D535AA9693F4}.Release|x86.Build.0 = Release|Win32
		{0EC5A143-9BD9-41CB-AAA2-E981EBBC954C}.Debug|x64.ActiveCfg = Debug|x64
		{0EC5A143-9BD9-41CB-AAA2-E981EBBC954C}.Debug|x64.Build.0 = Debug|x64
		{0EC5A143-9BD9-41CB-AAA2-E981EBBC954C}.Debug|x86.ActiveCfg = Debug|Win32
		{0EC5A143-9BD9-41CB-AAA2-E981EBBC954C}.Debug|x86.Build.0 = Debug|Win32
		{0EC5A143-9BD9-41CB-AAA2-E981EBBC954C}.Release|x64.ActiveCfg = Release|x64
		{0EC5A143-9BD9-41CB-AAA2-E981EBBC954C}.Release|x64.Build.0 = Release|x64
		{0EC5A143-9BD9-41CB-AAA2-E981EBBC954C}.Release|x86.ActiveCfg = Release|Win32
		{0EC5A143-9BD9-41CB-AAA2-E981EBBC954C}.Release|x86.Build.0 = Release|Win32
		{5123E5AF-98E8-43AD-ADBF-6B0454965E9B}.Debug|x64.ActiveCfg = Debug|x64
		{5123E5AF-98E8-43AD-ADBF-6B0454965E9B}.Debug|x64.Build.0 = Debug|x64
		{5123E5AF-98E8-43AD-ADBF-6B0454965E9B}.Debug|x86.ActiveCfg = Debug|Win32
		{5123E5AF-98E8-43AD-ADBF-6B0454965E9B}.Debug|x86.Build.0 = Debug|Win32
		{5123E5AF-98E8-43AD-ADBF-6B0454965E9B}.Release|x64.ActiveCfg = Release|x64
		{5123E5AF-98E8-43AD-ADBF-6B0454965E9B}.Release|x64.Build.0 = Release|x64
		{5123E5AF-98E8-43AD-ADBF-6B0454965E9B}.Release|x86.ActiveCfg = Release|Win32
		{5123E5AF-98E8-43AD-ADBF-6B0454965E9B}.Release|x86.Build.0 = Release|Win32
		{BDEDAFFA-74D8-4F3C-87B5-FB036A7F6943}.Debug|x64.ActiveCfg = Debug|x64
		{BDEDAFFA-74D8-4F3C-87B5-FB036A7F6943}.Debug|x64.Build.0 = Debug|x64
		{BDEDAFFA-74D8-4F3C-87B5-FB036A7F6943}.Debug|x86.ActiveCfg = Debug|Win32
		{BDEDAFFA-74D8-4F3C-87B5-FB036A7F6943}.Debug|x86.Build.0 = Debug|Win32
		{BDEDAFFA-74D8-4F3C-87B5-FB036A7F6943}.Release|x64.ActiveCfg = Release|x64
		{BDEDAFFA-74D8-4F3C-87B5-FB036A7F6943}.Release|x64.Build.0 = Release|x64
		{BDEDAFFA-74D8-4F3C-87B5-FB036A7F6943}.Release|x86.ActiveCfg = Release|Win32
		{BDEDAFFA-74D8-4F3C-87B5-FB036A7F6943}.Release|x86.Build.0 = Release|Win32
		{0468C279-2EBF-471C-9C13-05AEAD574965}.Debug|x64.ActiveCfg = Debug|x64
		{0468C279-2EBF-471C-9C13-05AEAD574965}.Debug|x64.Build.0 = Debug|x64
		{0468C279-2EBF-471C-9C13-05AEAD574965}.Debug|x86.ActiveCfg = Debug|Win32
		{0468C279-2EBF-471C-9C13-05AEAD574965}.Debug|x86.Build.0 = Debug|Win32
		{0468C279-2EBF-471C-9C13-05AEAD574965}.Release|x64.ActiveCfg = Release|x64
		{0468C279-2EBF-471C-9C13-05AEAD574965}.Release|x64.Build.0 = Release|x64
		{0468C279-2EBF-471C-9C13-05AEAD574965}.Release|x86.ActiveCfg = Release|Win32
		{0468C279-2EBF-471C-9C13-05AEAD574965}.Release|x86.Build.0 = Release|Win32
		{A81E8B29-D203-4517-8E91-3C33E4716666}.Debug|x64.ActiveCfg = Debug|x64
		{A81E8B29-D203-4517-8E91-3C33E4716666}.Debug|x64.Build.0 = Debug|x64
		{A81E8B29-D203-4517-8E91-3C33E4716666}.Debug|x86.ActiveCfg = Debug|Win32
		{A81E8B29-D203-4517-8E91-3C33E4716666}.Debug|x86.Build.0 = Debug|Win32
		{A81E8B29-D203-4517-8E91-3C33E4716666}.Release|x64.ActiveCfg = Release|x64
		{A81E8B29-D203-4517-8E91-3C33E4716666}.Release|x64.Build.0 = Release|x64
		{A81E8B29-D203-4517-8E91-3C33E4716666}.Release|x86.ActiveCfg = Release|Win32
		{A81E8B29-D203-4517-8E91-3C33E4716666}.Release|x86.Build.0 = Release|Win32
		{6C76FB15-F2DF-4E0A-85A2-A633D87A80B0}.Debug|x64.ActiveCfg = Debug|x64
		{6C76FB15-F2DF-4E0A-85A2-A633D87A80B0}.Debug|x64.Build.0 = Debug|x64
		{6C76FB15-F2DF-4E0A-85A2-A633D87A80B0}.Debug|x86.ActiveCfg = Debug|Win32
		{6C76FB15-F2DF-4E0A-85A2-A633D87A80B0}.Debug|x86.Build.0 = Debug|Win32
		{6C76FB15-F2DF-4E0A-85A2-A633D87A80B0}.Release|x64.ActiveCfg = Release|x64
		{6C76FB15-F2DF-4E0A-85A2-A633D87A80B0}.Release|x64.Build.0 = Release|x64
		{6C76FB15-F2DF-4E0A-85A2-A633D87A80B0}.Release|x86.ActiveCfg = Release|Win32
		{6C76FB15-F2DF-4E0A-85A2-A633D87A80B0}.Release|x86.Build.0 = Release|Win32
		{FEE1FFC7-ADD3-424B-A438-9F3ECA28D387}.Debug|x64.ActiveCfg = Debug|x64
		{FEE1FFC7-ADD3-424B-A438-9F3ECA28D387}.Debug|x64.Build.0 = Debug|x64
		{FEE1FFC7-ADD3-424B-A438-9F3ECA28D387}.Debug|x86.ActiveCfg = Debug|Win32
		{FEE1FFC7-ADD3-424B-A438-9F3ECA28D387}.Debug|x86.Build.0 = Debug|Win32
		{FEE1FFC7-ADD3-424B-A438-9F3ECA28D387}.Release|x64.ActiveCfg = Release|x64
		{FEE1FFC7-ADD3-424B-A438-9F3ECA28D387}.Release|x64.Build.0 = Release|x64
		{FEE1FFC7-ADD3-424B-A438-9F3ECA28D387}.Release|x86.ActiveCfg = Release|Win32
		{FEE1FFC7-ADD3-424B-A438-9F3ECA28D387}.Release|x86.Build.0 = Release|Win32
		{F230A573-CC2E-4D3A-9987-B91C60080C99}.Debug|x64.ActiveCfg = Debug|x64
		{F230A573-CC2E-4D3A-9987-B91C60080C99}.Debug|x64.Build.0 = Debug|x64
		{F230A573-CC2E-4D3A-9987-B91C60080C99}.Debug|x86.ActiveCfg = Debug|Win32
		{F230A573-CC2E-4D3A-9987-B91C60080C99}.Debug|x86.Build.0 = Debug|Win32
		{F230A573-CC2E-4D3A-9987-B91C60080C99}.Release|x64.ActiveCfg = Release|x64
		{F230A573-CC2E-4D3A-9987-B91C60080C99}.Release|x64.Build.0 = Release|x64
		{F230A573-CC2E-4D3A-9987-B91C60080C99}.Release|x86.ActiveCfg = Release|Win32
		{F230A573-CC2E-4D3A-9987-B91C60080C99}.Release|x86.Build.0 = Release|Win32
		{97E3022C-BA07-4016-9C92-4CE4C379133C}.Debug|x64.ActiveCfg = Debug|x64
		{97E3022C-BA07-4016-9C92-4CE4C379133C}.Debug|x64.Build.0 = Debug|x64
		{97E3022C-BA07-4016-9C92-4CE4C379133C}.Debug|x86.ActiveCfg = Debug|Win32
		{97E3022C-BA07-4016-9C92-4CE4C379133C}.Debug|x86.Build.0 = Debug|Win32
		{97E3022C-BA07-4016-9C92-4CE4C379133C}.Release|x64.ActiveCfg = Release|x64
		{97E3022C-BA07-4016-9C92-4CE4C379133C}.Release|x64.Build.0 = Release|x64
		{97E3022C-BA07-4016-9C92-4CE4C379133C}.Release|x86.ActiveCfg = Release|Win32
		{97E3022C-BA07-4016-9C92-4CE4C379133C}.Release|x86.Build.0 = Release|Win32
		{CBFF3A26-97E4-4E7E-9B65-9103985F0365}.Debug|x64.ActiveCfg = Debug|x64
		{CBFF3A26-97E4-4E7E-9B65-9103985F0365}.Debug|x64.Build.0 = Debug|x64
		{CBFF3A26-97E4-4E7E-9B65-9103985F0365}.Debug|x86.ActiveCfg = Debug|Win32
		{CBFF3A26-97E4-4E7E-9B65-9103985F0365}.Debug|x86.Build.0 = Debug|Win32
		{CBFF3A26-97E4-4E7E-9B65-9103985F0365}.Release|x64.ActiveCfg = Release|x64
		{CBFF3A26-97E4-4E7E-9B65-9103985F0365}.Release|x64.Build.0 = Release|x64
		{CBFF3A26-97E4-4E7E-9B65-9103985F0365}.Release|x86.ActiveCfg = Release|Win32
		{CBFF3A26-97E4-4E7E-9B65-9103985F0365}.Release|x86.Build.0 = Release|Win32
		{C2789264-9509-4D04-80F3-8F6C141AE5CD}.Debug|x64.ActiveCfg = Debug|x64
		{C2789264-9509-4D04-80F3-8F6C141AE5CD}.Debug|x64.Build.0 = Debug|x64
		{C2789264-9509-4D04-80F3-8F6C141AE5CD}.Debug|x86.ActiveCfg = Debug|Win32
		{C2789264-9509-4D04-80F3-8F6C141AE5CD}.Debug|x86.Build.0 = Debug|Win32
		{C2789264-9509-4D04-80F3-8F6C141AE5CD}.Release|x64.ActiveCfg = Release|x64
		{C2789264-9509-4D04-80F3-8F6C141AE5CD}.Release|x64.Build.0 = Release|x64
		{C2789264-9509-4D04-80F3-8F6C141AE5CD}.Release|x86.ActiveCfg = Release|Win32
		{C2789264-9509-4D04-80F3-8F6C141AE5CD}.Release|x86.Build.0 = Release|Win32
		{DA8736F5-3BB2-46EC-981C-814D1619D1A8}.Debug|x64.ActiveCfg = Debug|x64
		{DA8736F5-3BB2-46EC-981C-814D1619D1A8}.Debug|x64.Build.0 = Debug|x64
		{DA8736F5-3BB2-46EC-981C-814D1619D1A8}.Debug|x86.ActiveCfg = Debug|Win32
		{DA8736F5-3BB2-46EC-981C-814D1619D1A8}.Debug|x86.Build.0 = Debug|Win32
		{DA8736F5-3BB2-46EC-981C-814D1619D1A8}.Release|x64.ActiveCfg = Release|x64
		{DA8736F5-3BB2-46EC-981C-814D1619D1A8}.Release|x64.Build.0 = Release|x64
		{DA8736F5-3BB2-46EC-981C-814D1619D1A8}.Release|x86.ActiveCfg = Release|Win32
		{DA8736F5-3BB2-46EC-981C-814D1619D1A8}.Release|x86.Build.0 = Release|Win32
		{CFF07DBB-0BE8-4170-BCB0-1C0EED980717}.Debug|x64.ActiveCfg = Debug|x64
		{CFF07DBB-0BE8-4170-BCB0-1C0EED980717}.Debug|x64.Build.0 = Debug|x64
		{CFF07DBB-0BE8-4170-BCB0-1C0EED980717}.Debug|x86.ActiveCfg = Debug|Win32
		{CFF07DBB-0BE8-4170-BCB0-1C0EED980717}.Debug|x86.Build.0 = Debug|Win32
		{CFF07DBB-0BE8-4170-BCB0-1C0EED980717}.Release|x64.ActiveCfg = Release|x64
		{CFF07DBB-0BE8-4170-BCB0-1C0EED980717}.Release|x64.Build.0 = Release|x64
		{CFF07DBB-0BE8-4170-BCB0-1C0EED980717}.Release|x86.ActiveCfg = Release|Win32
		{CFF07DBB-0BE8-4170-BCB0-1C0EED980717}.Release|x86.Build.0 = Release|Win32
		{6220ECB6-6660-41A3-A0ED-7DE29467A94D}.Debug|x64.ActiveCfg = Debug|x64
		{6220ECB6-6660-41A3-A0ED-7DE29467A94D}.Debug|x64.Build.0 = Debug|x64
		{6220ECB6-6660-41A3-A0ED-7DE29467A94D}.Debug|x86.ActiveCfg = Debug|Win32
		{6220ECB6-6660-41A3-A0ED-7DE29467A94D}.Debug|x86.Build.0 = Debug|Win32
		{6220ECB6-6660-41A3-A0ED-7DE29467A94D}.Release|x64.ActiveCfg = Release|x64
		{6220ECB6-6660-41A3-A0ED-7DE29467A94D}.Release|x64.Build.0 = Release|x64
		{6220ECB6-6660-41A3-A0ED-7DE29467A94D}.Release|x86.ActiveCfg = Release|Win32
		{6220ECB6-6660-41A3-A0ED-7DE29467A94D}.Release|x86.Build.0 = Release|Win32
		{C15F6D6E-78CA-491E-94C8-A3102FB990AC}.Debug|x64.ActiveCfg = Debug|x64
		{C15F6D6E-78CA-491E-94C8-A3102FB990AC}.Debug|x64.Build.0 = Debug|x64
		{C15F6D6E-78CA-491E-94C8-A3102FB990AC}.Debug|x86.ActiveCfg = Debug|Win32
		{C15F6D6E-78CA-491E-94C8-A3102FB990AC}.Debug|x86.Build.0 = Debug|Win32
		{C15F6D6E-78CA-491E-94C8-A3102FB990AC}.Release|x64.ActiveCfg = Release|x64
		{C15F6D6E-78CA-491E-94C8-A3102FB990AC}.Release|x64.Build.0 = Release|x64
		{C15F6D6E-78CA-491E-94C8-A3102FB990AC}.Release|x86.ActiveCfg = Release|Win32
		{C15F6D6E-78CA-491E-94C8-A3102FB990AC}.Release|x86.Build.0 = Release|Win32
		{341A8107-E7B8-4722-81AA-1A2F4AB31431}.Debug|x64.ActiveCfg = Debug|x64
		{341A8107-E7B8-4722-81AA-1A2F4AB31431}.Debug|x64.Build.0 = Debug|x64
		{341A8107-E7B8-4722-81AA-1A2F4AB31431}.Debug|x86.ActiveCfg = Debug|Win32
		{341A8107-E7B8-4722-81AA-1A2F4AB31431}.Debug|x86.Build.0 = Debug|Win32
		{341A8107-E7B8-4722-81AA-1A2F4AB31431}.Release|x64.ActiveCfg = Release|x64
		{341A8107-E7B8-4722-81AA-1A2F4AB31431}.Release|x64.Build.0 = Release|x64
		{341A8107-E7B8-4722-81AA-1A2F4AB31431}.Release|x86.ActiveCfg = Release|Win32
		{341A8107-E7B8-4722-81AA-1A2F4AB31431}.Release|x86.Build.0 = Release|Win32
	EndGlobalSection
	GlobalSection(SolutionProperties) = preSolution
		HideSolutionNode = FALSE
	EndGlobalSection
	GlobalSection(ExtensibilityGlobals) = postSolution
		SolutionGuid = {78B583CA-12E9-4417-A420-DFFC496C2444}
	EndGlobalSection
EndGlobal
